
Microsoft Visual Studio Solution File, Format Version 12.00
# Visual Studio 15
VisualStudioVersion = 15.0.27130.2003
MinimumVisualStudioVersion = 10.0.40219.1
Project("{262852C6-CD72-467D-83FE-5EEB1973A190}") = "Prueba01", "Prueba01.jsproj", "{A32A0FB1-F571-457C-866E-2CD4A08D1FC3}"
EndProject
Global
	GlobalSection(SolutionConfigurationPlatforms) = preSolution
		Debug|Android = Debug|Android
		Debug|iOS = Debug|iOS
		Debug|Windows-ARM = Debug|Windows-ARM
		Debug|Windows-x64 = Debug|Windows-x64
		Debug|Windows-x86 = Debug|Windows-x86
		Release|Android = Release|Android
		Release|iOS = Release|iOS
		Release|Windows-ARM = Release|Windows-ARM
		Release|Windows-x64 = Release|Windows-x64
		Release|Windows-x86 = Release|Windows-x86
	EndGlobalSection
	GlobalSection(ProjectConfigurationPlatforms) = postSolution
		{A32A0FB1-F571-457C-866E-2CD4A08D1FC3}.Debug|Android.ActiveCfg = Debug|Android
		{A32A0FB1-F571-457C-866E-2CD4A08D1FC3}.Debug|Android.Build.0 = Debug|Android
		{A32A0FB1-F571-457C-866E-2CD4A08D1FC3}.Debug|Android.Deploy.0 = Debug|Android
		{A32A0FB1-F571-457C-866E-2CD4A08D1FC3}.Debug|iOS.ActiveCfg = Debug|iOS
		{A32A0FB1-F571-457C-866E-2CD4A08D1FC3}.Debug|iOS.Build.0 = Debug|iOS
		{A32A0FB1-F571-457C-866E-2CD4A08D1FC3}.Debug|iOS.Deploy.0 = Debug|iOS
		{A32A0FB1-F571-457C-866E-2CD4A08D1FC3}.Debug|Windows-ARM.ActiveCfg = Debug|Windows-ARM
		{A32A0FB1-F571-457C-866E-2CD4A08D1FC3}.Debug|Windows-ARM.Build.0 = Debug|Windows-ARM
		{A32A0FB1-F571-457C-866E-2CD4A08D1FC3}.Debug|Windows-ARM.Deploy.0 = Debug|Windows-ARM
		{A32A0FB1-F571-457C-866E-2CD4A08D1FC3}.Debug|Windows-x64.ActiveCfg = Debug|Windows-x64
		{A32A0FB1-F571-457C-866E-2CD4A08D1FC3}.Debug|Windows-x64.Build.0 = Debug|Windows-x64
		{A32A0FB1-F571-457C-866E-2CD4A08D1FC3}.Debug|Windows-x64.Deploy.0 = Debug|Windows-x64
		{A32A0FB1-F571-457C-866E-2CD4A08D1FC3}.Debug|Windows-x86.ActiveCfg = Debug|Windows-x86
		{A32A0FB1-F571-457C-866E-2CD4A08D1FC3}.Debug|Windows-x86.Build.0 = Debug|Windows-x86
		{A32A0FB1-F571-457C-866E-2CD4A08D1FC3}.Debug|Windows-x86.Deploy.0 = Debug|Windows-x86
		{A32A0FB1-F571-457C-866E-2CD4A08D1FC3}.Release|Android.ActiveCfg = Release|Android
		{A32A0FB1-F571-457C-866E-2CD4A08D1FC3}.Release|Android.Build.0 = Release|Android
		{A32A0FB1-F571-457C-866E-2CD4A08D1FC3}.Release|Android.Deploy.0 = Release|Android
		{A32A0FB1-F571-457C-866E-2CD4A08D1FC3}.Release|iOS.ActiveCfg = Release|iOS
		{A32A0FB1-F571-457C-866E-2CD4A08D1FC3}.Release|iOS.Build.0 = Release|iOS
		{A32A0FB1-F571-457C-866E-2CD4A08D1FC3}.Release|iOS.Deploy.0 = Release|iOS
		{A32A0FB1-F571-457C-866E-2CD4A08D1FC3}.Release|Windows-ARM.ActiveCfg = Release|Windows-ARM
		{A32A0FB1-F571-457C-866E-2CD4A08D1FC3}.Release|Windows-ARM.Build.0 = Release|Windows-ARM
		{A32A0FB1-F571-457C-866E-2CD4A08D1FC3}.Release|Windows-ARM.Deploy.0 = Release|Windows-ARM
		{A32A0FB1-F571-457C-866E-2CD4A08D1FC3}.Release|Windows-x64.ActiveCfg = Release|Windows-x64
		{A32A0FB1-F571-457C-866E-2CD4A08D1FC3}.Release|Windows-x64.Build.0 = Release|Windows-x64
		{A32A0FB1-F571-457C-866E-2CD4A08D1FC3}.Release|Windows-x64.Deploy.0 = Release|Windows-x64
		{A32A0FB1-F571-457C-866E-2CD4A08D1FC3}.Release|Windows-x86.ActiveCfg = Release|Windows-x86
		{A32A0FB1-F571-457C-866E-2CD4A08D1FC3}.Release|Windows-x86.Build.0 = Release|Windows-x86
		{A32A0FB1-F571-457C-866E-2CD4A08D1FC3}.Release|Windows-x86.Deploy.0 = Release|Windows-x86
	EndGlobalSection
	GlobalSection(SolutionProperties) = preSolution
		HideSolutionNode = FALSE
	EndGlobalSection
	GlobalSection(ExtensibilityGlobals) = postSolution
		SolutionGuid = {170BF680-739F-4505-8C5D-ED6C0B6EF035}
	EndGlobalSection
EndGlobal
